
Microsoft Visual Studio Solution File, Format Version 12.00
# Visual Studio Version 16
VisualStudioVersion = 16.0.30907.101
MinimumVisualStudioVersion = 10.0.40219.1
Project("{9A19103F-16F7-4668-BE54-9A1E7A4F7556}") = "Recaptcha.Web", "Recaptcha.Web\Recaptcha.Web.csproj", "{E2D79ECD-B729-4880-B737-EF7FF7650C40}"
EndProject
Global
	GlobalSection(SolutionConfigurationPlatforms) = preSolution
		Debug|Any CPU = Debug|Any CPU
		Release|Any CPU = Release|Any CPU
	EndGlobalSection
	GlobalSection(ProjectConfigurationPlatforms) = postSolution
		{E2D79ECD-B729-4880-B737-EF7FF7650C40}.Debug|Any CPU.ActiveCfg = Debug|Any CPU
		{E2D79ECD-B729-4880-B737-EF7FF7650C40}.Debug|Any CPU.Build.0 = Debug|Any CPU
		{E2D79ECD-B729-4880-B737-EF7FF7650C40}.Release|Any CPU.ActiveCfg = Release|Any CPU
		{E2D79ECD-B729-4880-B737-EF7FF7650C40}.Release|Any CPU.Build.0 = Release|Any CPU
	EndGlobalSection
	GlobalSection(SolutionProperties) = preSolution
		HideSolutionNode = FALSE
	EndGlobalSection
	GlobalSection(ExtensibilityGlobals) = postSolution
		SolutionGuid = {9B9AE75F-631B-4D58-865F-011EFBC50D48}
	EndGlobalSection
EndGlobal
