
Microsoft Visual Studio Solution File, Format Version 12.00
# Visual Studio Version 16
VisualStudioVersion = 16.0.30907.101
MinimumVisualStudioVersion = 10.0.40219.1
Project("{2150E333-8FDC-42A3-9474-1A3956D46DE8}") = ".NET 4.5", ".NET 4.5", "{6D1C1413-7257-4DC4-895F-EE1ACBB443F4}"
EndProject
Project("{FAE04EC0-301F-11D3-BF4B-00C04F79EFBC}") = "Recaptcha.Web", "Recaptcha.Web\Recaptcha.Web.csproj", "{47C0DB18-D553-41BE-98F9-6A5C08FAC0C6}"
EndProject
Global
	GlobalSection(SolutionConfigurationPlatforms) = preSolution
		Debug|Any CPU = Debug|Any CPU
		Release|Any CPU = Release|Any CPU
	EndGlobalSection
	GlobalSection(ProjectConfigurationPlatforms) = postSolution
		{47C0DB18-D553-41BE-98F9-6A5C08FAC0C6}.Debug|Any CPU.ActiveCfg = Debug|Any CPU
		{47C0DB18-D553-41BE-98F9-6A5C08FAC0C6}.Debug|Any CPU.Build.0 = Debug|Any CPU
		{47C0DB18-D553-41BE-98F9-6A5C08FAC0C6}.Release|Any CPU.ActiveCfg = Release|Any CPU
		{47C0DB18-D553-41BE-98F9-6A5C08FAC0C6}.Release|Any CPU.Build.0 = Release|Any CPU
	EndGlobalSection
	GlobalSection(SolutionProperties) = preSolution
		HideSolutionNode = FALSE
	EndGlobalSection
	GlobalSection(NestedProjects) = preSolution
		{47C0DB18-D553-41BE-98F9-6A5C08FAC0C6} = {6D1C1413-7257-4DC4-895F-EE1ACBB443F4}
	EndGlobalSection
	GlobalSection(ExtensibilityGlobals) = postSolution
		SolutionGuid = {9B9AE75F-631B-4D58-865F-011EFBC50D48}
	EndGlobalSection
EndGlobal
